{
  "version": 4,
  "terraform_version": "1.0.11",
  "serial": 7,
  "lineage": "ddc8bfaf-5382-ccf2-f59a-6b32b76f631d",
  "outputs": {},
  "resources": [
    {
      "mode": "managed",
      "type": "aws_mq_broker",
      "name": "example",
      "provider": "provider[\"registry.terraform.io/hashicorp/aws\"]",
      "instances": [
        {
          "schema_version": 0,
          "attributes": {
            "apply_immediately": false,
            "arn": "arn:aws:mq:eu-west-2:183989794756:broker:example-broker:b-927cd98d-44e0-41c8-8554-60125088c15f",
            "authentication_strategy": "simple",
            "auto_minor_version_upgrade": false,
            "broker_name": "example-broker",
            "configuration": [
              {
                "id": "c-28f007af-854a-41ad-be93-6b1da32b628a",
                "revision": 3
              }
            ],
            "deployment_mode": "SINGLE_INSTANCE",
            "encryption_options": [
              {
                "kms_key_id": "",
                "use_aws_owned_key": true
              }
            ],
            "engine_type": "ActiveMQ",
            "engine_version": "5.15.16",
            "host_instance_type": "mq.t3.micro",
            "id": "b-927cd98d-44e0-41c8-8554-60125088c15f",
            "instances": [
              {
                "console_url": "https://b-927cd98d-44e0-41c8-8554-60125088c15f-1.mq.eu-west-2.amazonaws.com:8162",
                "endpoints": [
                  "ssl://b-927cd98d-44e0-41c8-8554-60125088c15f-1.mq.eu-west-2.amazonaws.com:61617",
                  "amqp+ssl://b-927cd98d-44e0-41c8-8554-60125088c15f-1.mq.eu-west-2.amazonaws.com:5671",
                  "stomp+ssl://b-927cd98d-44e0-41c8-8554-60125088c15f-1.mq.eu-west-2.amazonaws.com:61614",
                  "mqtt+ssl://b-927cd98d-44e0-41c8-8554-60125088c15f-1.mq.eu-west-2.amazonaws.com:8883",
                  "wss://b-927cd98d-44e0-41c8-8554-60125088c15f-1.mq.eu-west-2.amazonaws.com:61619"
                ],
                "ip_address": "18.175.74.11"
              }
            ],
            "ldap_server_metadata": [],
            "logs": [
              {
                "audit": "false",
                "general": true
              }
            ],
            "maintenance_window_start_time": [
              {
                "day_of_week": "FRIDAY",
                "time_of_day": "19:00",
                "time_zone": "UTC"
              }
            ],
            "publicly_accessible": true,
            "security_groups": [
              "sg-0b0f3fe30a15bea19"
            ],
            "storage_type": "efs",
            "subnet_ids": [
              "subnet-0e8975212c2210d9f"
            ],
            "tags": null,
            "tags_all": {},
            "user": [
              {
                "console_access": false,
                "groups": [],
                "password": "Password123!",
                "username": "admin"
              }
            ]
          },
          "sensitive_attributes": [],
          "private": "bnVsbA==",
          "dependencies": [
            "aws_mq_configuration.example"
          ]
        }
      ]
    },
    {
      "mode": "managed",
      "type": "aws_mq_configuration",
      "name": "example",
      "provider": "provider[\"registry.terraform.io/hashicorp/aws\"]",
      "instances": [
        {
          "schema_version": 0,
          "attributes": {
            "arn": "arn:aws:mq:eu-west-2:183989794756:configuration:c-28f007af-854a-41ad-be93-6b1da32b628a",
            "authentication_strategy": "simple",
            "data": "\u003c?xml version=\"1.0\" encoding=\"UTF-8\" standalone=\"yes\"?\u003e\n\u003cbroker xmlns=\"http://activemq.apache.org/schema/core\"\u003e\n  \u003cplugins\u003e\n    \u003cauthorizationPlugin\u003e\n      \u003cmap\u003e\n        \u003cauthorizationMap\u003e\n          \u003cauthorizationEntries\u003e\n            \u003cauthorizationEntry admin=\"admin\" queue=\"\u0026gt;\" read=\"admin\" write=\"admin\"/\u003e\n          \u003c/authorizationEntries\u003e\n        \u003c/authorizationMap\u003e\n      \u003c/map\u003e\n    \u003c/authorizationPlugin\u003e\n  \u003c/plugins\u003e\n\u003c/broker\u003e\n",
            "description": "",
            "engine_type": "ActiveMQ",
            "engine_version": "5.15.16",
            "id": "c-28f007af-854a-41ad-be93-6b1da32b628a",
            "latest_revision": 3,
            "name": "example-configuration",
            "tags": {},
            "tags_all": {}
          },
          "sensitive_attributes": [],
          "private": "bnVsbA=="
        }
      ]
    }
  ]
}
